
Microsoft Visual Studio Solution File, Format Version 12.00
# Visual Studio Version 17
VisualStudioVersion = 17.5.33414.496
MinimumVisualStudioVersion = 10.0.40219.1
Project("{FAE04EC0-301F-11D3-BF4B-00C04F79EFBC}") = "GUI", "GiaoDien\GUI.csproj", "{65C021E9-5454-4271-8018-E7C11D8601E9}"
EndProject
Project("{FAE04EC0-301F-11D3-BF4B-00C04F79EFBC}") = "BLL", "BLL\BLL.csproj", "{108562C1-BC0B-48B7-898A-B0A72EB33A32}"
EndProject
Project("{FAE04EC0-301F-11D3-BF4B-00C04F79EFBC}") = "DAL", "DAL\DAL.csproj", "{F8DDCFF0-96E5-4E25-B780-C71FF2728C45}"
EndProject
Global
	GlobalSection(SolutionConfigurationPlatforms) = preSolution
		Debug|Any CPU = Debug|Any CPU
		Release|Any CPU = Release|Any CPU
	EndGlobalSection
	GlobalSection(ProjectConfigurationPlatforms) = postSolution
		{65C021E9-5454-4271-8018-E7C11D8601E9}.Debug|Any CPU.ActiveCfg = Debug|Any CPU
		{65C021E9-5454-4271-8018-E7C11D8601E9}.Debug|Any CPU.Build.0 = Debug|Any CPU
		{65C021E9-5454-4271-8018-E7C11D8601E9}.Release|Any CPU.ActiveCfg = Release|Any CPU
		{65C021E9-5454-4271-8018-E7C11D8601E9}.Release|Any CPU.Build.0 = Release|Any CPU
		{108562C1-BC0B-48B7-898A-B0A72EB33A32}.Debug|Any CPU.ActiveCfg = Debug|Any CPU
		{108562C1-BC0B-48B7-898A-B0A72EB33A32}.Debug|Any CPU.Build.0 = Debug|Any CPU
		{108562C1-BC0B-48B7-898A-B0A72EB33A32}.Release|Any CPU.ActiveCfg = Release|Any CPU
		{108562C1-BC0B-48B7-898A-B0A72EB33A32}.Release|Any CPU.Build.0 = Release|Any CPU
		{F8DDCFF0-96E5-4E25-B780-C71FF2728C45}.Debug|Any CPU.ActiveCfg = Debug|Any CPU
		{F8DDCFF0-96E5-4E25-B780-C71FF2728C45}.Debug|Any CPU.Build.0 = Debug|Any CPU
		{F8DDCFF0-96E5-4E25-B780-C71FF2728C45}.Release|Any CPU.ActiveCfg = Release|Any CPU
		{F8DDCFF0-96E5-4E25-B780-C71FF2728C45}.Release|Any CPU.Build.0 = Release|Any CPU
	EndGlobalSection
	GlobalSection(SolutionProperties) = preSolution
		HideSolutionNode = FALSE
	EndGlobalSection
	GlobalSection(ExtensibilityGlobals) = postSolution
		SolutionGuid = {28111B91-BEAF-4534-972D-EAF7FEF49C32}
	EndGlobalSection
EndGlobal
